// !$*UTF8*$!
{
	archiveVersion = 1;
	classes = {
	};
	objectVersion = 51;
	objects = {

/* Begin PBXBuildFile section */
		63861400264F535400483B99 /* UserSingleton.swift in Sources */ = {isa = PBXBuildFile; fileRef = 638613FF264F535400483B99 /* UserSingleton.swift */; };
		63861403264FA4F400483B99 /* FeedCell.swift in Sources */ = {isa = PBXBuildFile; fileRef = 63861402264FA4F400483B99 /* FeedCell.swift */; };
		63861406264FACCF00483B99 /* Snap.swift in Sources */ = {isa = PBXBuildFile; fileRef = 63861405264FACCF00483B99 /* Snap.swift */; };
		638C8013262EA7E700152020 /* AppDelegate.swift in Sources */ = {isa = PBXBuildFile; fileRef = 638C8012262EA7E700152020 /* AppDelegate.swift */; };
		638C8015262EA7E700152020 /* SceneDelegate.swift in Sources */ = {isa = PBXBuildFile; fileRef = 638C8014262EA7E700152020 /* SceneDelegate.swift */; };
		638C8017262EA7E700152020 /* ViewController.swift in Sources */ = {isa = PBXBuildFile; fileRef = 638C8016262EA7E700152020 /* ViewController.swift */; };
		638C801A262EA7E700152020 /* Main.storyboard in Resources */ = {isa = PBXBuildFile; fileRef = 638C8018262EA7E700152020 /* Main.storyboard */; };
		638C801C262EA83B00152020 /* Assets.xcassets in Resources */ = {isa = PBXBuildFile; fileRef = 638C801B262EA83B00152020 /* Assets.xcassets */; };
		638C801F262EA83C00152020 /* LaunchScreen.storyboard in Resources */ = {isa = PBXBuildFile; fileRef = 638C801D262EA83C00152020 /* LaunchScreen.storyboard */; };
		638C8041262EC79700152020 /* FeedVC.swift in Sources */ = {isa = PBXBuildFile; fileRef = 638C8040262EC79700152020 /* FeedVC.swift */; };
		638C8044262ECC6500152020 /* UploadVC.swift in Sources */ = {isa = PBXBuildFile; fileRef = 638C8043262ECC6500152020 /* UploadVC.swift */; };
		638C8047262ECC8300152020 /* SettingsVC.swift in Sources */ = {isa = PBXBuildFile; fileRef = 638C8046262ECC8300152020 /* SettingsVC.swift */; };
		638C804C262EDC4500152020 /* SnapVC.swift in Sources */ = {isa = PBXBuildFile; fileRef = 638C804B262EDC4500152020 /* SnapVC.swift */; };
		638C8068262EFF7600152020 /* GoogleService-Info.plist in Resources */ = {isa = PBXBuildFile; fileRef = 638C8067262EFF7500152020 /* GoogleService-Info.plist */; };
		CCDB5C74A91773FA89A89186 /* Pods_SnapchatCloneProject.framework in Frameworks */ = {isa = PBXBuildFile; fileRef = 3EE75CE591D51542CB99A6BC /* Pods_SnapchatCloneProject.framework */; };
/* End PBXBuildFile section */

/* Begin PBXFileReference section */
		3EE75CE591D51542CB99A6BC /* Pods_SnapchatCloneProject.framework */ = {isa = PBXFileReference; explicitFileType = wrapper.framework; includeInIndex = 0; path = Pods_SnapchatCloneProject.framework; sourceTree = BUILT_PRODUCTS_DIR; };
		638613FF264F535400483B99 /* UserSingleton.swift */ = {isa = PBXFileReference; lastKnownFileType = sourcecode.swift; path = UserSingleton.swift; sourceTree = "<group>"; };
		63861402264FA4F400483B99 /* FeedCell.swift */ = {isa = PBXFileReference; lastKnownFileType = sourcecode.swift; path = FeedCell.swift; sourceTree = "<group>"; };
		63861405264FACCF00483B99 /* Snap.swift */ = {isa = PBXFileReference; lastKnownFileType = sourcecode.swift; path = Snap.swift; sourceTree = "<group>"; };
		638C800F262EA7E700152020 /* SnapchatCloneProject.app */ = {isa = PBXFileReference; explicitFileType = wrapper.application; includeInIndex = 0; path = SnapchatCloneProject.app; sourceTree = BUILT_PRODUCTS_DIR; };
		638C8012262EA7E700152020 /* AppDelegate.swift */ = {isa = PBXFileReference; lastKnownFileType = sourcecode.swift; name = AppDelegate.swift; path = "../New Group/AppDelegate.swift"; sourceTree = "<group>"; };
		638C8014262EA7E700152020 /* SceneDelegate.swift */ = {isa = PBXFileReference; lastKnownFileType = sourcecode.swift; path = SceneDelegate.swift; sourceTree = "<group>"; };
		638C8016262EA7E700152020 /* ViewController.swift */ = {isa = PBXFileReference; lastKnownFileType = sourcecode.swift; path = ViewController.swift; sourceTree = "<group>"; };
		638C8019262EA7E700152020 /* Base */ = {isa = PBXFileReference; lastKnownFileType = file.storyboard; name = Base; path = Base.lproj/Main.storyboard; sourceTree = "<group>"; };
		638C801B262EA83B00152020 /* Assets.xcassets */ = {isa = PBXFileReference; lastKnownFileType = folder.assetcatalog; path = Assets.xcassets; sourceTree = "<group>"; };
		638C801E262EA83C00152020 /* Base */ = {isa = PBXFileReference; lastKnownFileType = file.storyboard; name = Base; path = Base.lproj/LaunchScreen.storyboard; sourceTree = "<group>"; };
		638C8020262EA83C00152020 /* Info.plist */ = {isa = PBXFileReference; lastKnownFileType = text.plist.xml; path = Info.plist; sourceTree = "<group>"; };
		638C8040262EC79700152020 /* FeedVC.swift */ = {isa = PBXFileReference; lastKnownFileType = sourcecode.swift; path = FeedVC.swift; sourceTree = "<group>"; };
		638C8043262ECC6500152020 /* UploadVC.swift */ = {isa = PBXFileReference; lastKnownFileType = sourcecode.swift; path = UploadVC.swift; sourceTree = "<group>"; };
		638C8046262ECC8300152020 /* SettingsVC.swift */ = {isa = PBXFileReference; lastKnownFileType = sourcecode.swift; path = SettingsVC.swift; sourceTree = "<group>"; };
		638C804B262EDC4500152020 /* SnapVC.swift */ = {isa = PBXFileReference; lastKnownFileType = sourcecode.swift; path = SnapVC.swift; sourceTree = "<group>"; };
		638C8067262EFF7500152020 /* GoogleService-Info.plist */ = {isa = PBXFileReference; fileEncoding = 4; lastKnownFileType = text.plist.xml; name = "GoogleService-Info.plist"; path = "../../../../Downloads/GoogleService-Info.plist"; sourceTree = "<group>"; };
		94C906A8B1DF0459D785EC7E /* Pods-SnapchatCloneProject.release.xcconfig */ = {isa = PBXFileReference; includeInIndex = 1; lastKnownFileType = text.xcconfig; name = "Pods-SnapchatCloneProject.release.xcconfig"; path = "Target Support Files/Pods-SnapchatCloneProject/Pods-SnapchatCloneProject.release.xcconfig"; sourceTree = "<group>"; };
		FB65FF0B498837168DD62390 /* Pods-SnapchatCloneProject.debug.xcconfig */ = {isa = PBXFileReference; includeInIndex = 1; lastKnownFileType = text.xcconfig; name = "Pods-SnapchatCloneProject.debug.xcconfig"; path = "Target Support Files/Pods-SnapchatCloneProject/Pods-SnapchatCloneProject.debug.xcconfig"; sourceTree = "<group>"; };
/* End PBXFileReference section */

/* Begin PBXFrameworksBuildPhase section */
		638C800C262EA7E700152020 /* Frameworks */ = {
			isa = PBXFrameworksBuildPhase;
			buildActionMask = 2147483647;
			files = (
				CCDB5C74A91773FA89A89186 /* Pods_SnapchatCloneProject.framework in Frameworks */,
			);
			runOnlyForDeploymentPostprocessing = 0;
		};
/* End PBXFrameworksBuildPhase section */

/* Begin PBXGroup section */
		638613FA264F52E700483B99 /* Model */ = {
			isa = PBXGroup;
			children = (
				638613FF264F535400483B99 /* UserSingleton.swift */,
				63861405264FACCF00483B99 /* Snap.swift */,
			);
			path = Model;
			sourceTree = "<group>";
		};
		638C8006262EA7E700152020 = {
			isa = PBXGroup;
			children = (
				638C8011262EA7E700152020 /* SnapchatCloneProject */,
				638C8010262EA7E700152020 /* Products */,
				73642F95878FA91DBAF0CDD6 /* Pods */,
				930E2031078D25294B7AE7E1 /* Frameworks */,
			);
			sourceTree = "<group>";
		};
		638C8010262EA7E700152020 /* Products */ = {
			isa = PBXGroup;
			children = (
				638C800F262EA7E700152020 /* SnapchatCloneProject.app */,
			);
			name = Products;
			sourceTree = "<group>";
		};
		638C8011262EA7E700152020 /* SnapchatCloneProject */ = {
			isa = PBXGroup;
			children = (
				638613FA264F52E700483B99 /* Model */,
				638C8067262EFF7500152020 /* GoogleService-Info.plist */,
				638C8049262ECCE600152020 /* Delegates */,
				638C8048262ECC9000152020 /* ViewControllers */,
				638C8018262EA7E700152020 /* Main.storyboard */,
				638C801B262EA83B00152020 /* Assets.xcassets */,
				638C801D262EA83C00152020 /* LaunchScreen.storyboard */,
				638C8020262EA83C00152020 /* Info.plist */,
			);
			path = SnapchatCloneProject;
			sourceTree = "<group>";
		};
		638C8048262ECC9000152020 /* ViewControllers */ = {
			isa = PBXGroup;
			children = (
				638C8016262EA7E700152020 /* ViewController.swift */,
				638C8040262EC79700152020 /* FeedVC.swift */,
				638C8043262ECC6500152020 /* UploadVC.swift */,
				638C8046262ECC8300152020 /* SettingsVC.swift */,
				638C804B262EDC4500152020 /* SnapVC.swift */,
				63861402264FA4F400483B99 /* FeedCell.swift */,
			);
			path = ViewControllers;
			sourceTree = "<group>";
		};
		638C8049262ECCE600152020 /* Delegates */ = {
			isa = PBXGroup;
			children = (
				638C8012262EA7E700152020 /* AppDelegate.swift */,
				638C8014262EA7E700152020 /* SceneDelegate.swift */,
			);
			path = Delegates;
			sourceTree = "<group>";
		};
		73642F95878FA91DBAF0CDD6 /* Pods */ = {
			isa = PBXGroup;
			children = (
				FB65FF0B498837168DD62390 /* Pods-SnapchatCloneProject.debug.xcconfig */,
				94C906A8B1DF0459D785EC7E /* Pods-SnapchatCloneProject.release.xcconfig */,
			);
			path = Pods;
			sourceTree = "<group>";
		};
		930E2031078D25294B7AE7E1 /* Frameworks */ = {
			isa = PBXGroup;
			children = (
				3EE75CE591D51542CB99A6BC /* Pods_SnapchatCloneProject.framework */,
			);
			name = Frameworks;
			sourceTree = "<group>";
		};
/* End PBXGroup section */

/* Begin PBXNativeTarget section */
		638C800E262EA7E700152020 /* SnapchatCloneProject */ = {
			isa = PBXNativeTarget;
			buildConfigurationList = 638C8023262EA83C00152020 /* Build configuration list for PBXNativeTarget "SnapchatCloneProject" */;
			buildPhases = (
				129AF1E489B82FBF2D98AA50 /* [CP] Check Pods Manifest.lock */,
				638C800B262EA7E700152020 /* Sources */,
				638C800C262EA7E700152020 /* Frameworks */,
				638C800D262EA7E700152020 /* Resources */,
				EC4602CDB1A819183C0CB4EA /* [CP] Embed Pods Frameworks */,
			);
			buildRules = (
			);
			dependencies = (
			);
			name = SnapchatCloneProject;
			productName = SnapchatCloneProject;
			productReference = 638C800F262EA7E700152020 /* SnapchatCloneProject.app */;
			productType = "com.apple.product-type.application";
		};
/* End PBXNativeTarget section */

/* Begin PBXProject section */
		638C8007262EA7E700152020 /* Project object */ = {
			isa = PBXProject;
			attributes = {
				LastSwiftUpdateCheck = 1240;
				LastUpgradeCheck = 1240;
				TargetAttributes = {
					638C800E262EA7E700152020 = {
						CreatedOnToolsVersion = 12.4;
					};
				};
			};
			buildConfigurationList = 638C800A262EA7E700152020 /* Build configuration list for PBXProject "SnapchatCloneProject" */;
			compatibilityVersion = "Xcode 9.3";
			developmentRegion = en;
			hasScannedForEncodings = 0;
			knownRegions = (
				en,
				Base,
			);
			mainGroup = 638C8006262EA7E700152020;
			productRefGroup = 638C8010262EA7E700152020 /* Products */;
			projectDirPath = "";
			projectRoot = "";
			targets = (
				638C800E262EA7E700152020 /* SnapchatCloneProject */,
			);
		};
/* End PBXProject section */

/* Begin PBXResourcesBuildPhase section */
		638C800D262EA7E700152020 /* Resources */ = {
			isa = PBXResourcesBuildPhase;
			buildActionMask = 2147483647;
			files = (
				638C801F262EA83C00152020 /* LaunchScreen.storyboard in Resources */,
				638C8068262EFF7600152020 /* GoogleService-Info.plist in Resources */,
				638C801C262EA83B00152020 /* Assets.xcassets in Resources */,
				638C801A262EA7E700152020 /* Main.storyboard in Resources */,
			);
			runOnlyForDeploymentPostprocessing = 0;
		};
/* End PBXResourcesBuildPhase section */

/* Begin PBXShellScriptBuildPhase section */
		129AF1E489B82FBF2D98AA50 /* [CP] Check Pods Manifest.lock */ = {
			isa = PBXShellScriptBuildPhase;
			buildActionMask = 2147483647;
			files = (
			);
			inputFileListPaths = (
			);
			inputPaths = (
				"${PODS_PODFILE_DIR_PATH}/Podfile.lock",
				"${PODS_ROOT}/Manifest.lock",
			);
			name = "[CP] Check Pods Manifest.lock";
			outputFileListPaths = (
			);
			outputPaths = (
				"$(DERIVED_FILE_DIR)/Pods-SnapchatCloneProject-checkManifestLockResult.txt",
			);
			runOnlyForDeploymentPostprocessing = 0;
			shellPath = /bin/sh;
			shellScript = "diff \"${PODS_PODFILE_DIR_PATH}/Podfile.lock\" \"${PODS_ROOT}/Manifest.lock\" > /dev/null\nif [ $? != 0 ] ; then\n    # print error to STDERR\n    echo \"error: The sandbox is not in sync with the Podfile.lock. Run 'pod install' or update your CocoaPods installation.\" >&2\n    exit 1\nfi\n# This output is used by Xcode 'outputs' to avoid re-running this script phase.\necho \"SUCCESS\" > \"${SCRIPT_OUTPUT_FILE_0}\"\n";
			showEnvVarsInLog = 0;
		};
		EC4602CDB1A819183C0CB4EA /* [CP] Embed Pods Frameworks */ = {
			isa = PBXShellScriptBuildPhase;
			buildActionMask = 2147483647;
			files = (
			);
			inputFileListPaths = (
				"${PODS_ROOT}/Target Support Files/Pods-SnapchatCloneProject/Pods-SnapchatCloneProject-frameworks-${CONFIGURATION}-input-files.xcfilelist",
			);
			name = "[CP] Embed Pods Frameworks";
			outputFileListPaths = (
				"${PODS_ROOT}/Target Support Files/Pods-SnapchatCloneProject/Pods-SnapchatCloneProject-frameworks-${CONFIGURATION}-output-files.xcfilelist",
			);
			runOnlyForDeploymentPostprocessing = 0;
			shellPath = /bin/sh;
			shellScript = "\"${PODS_ROOT}/Target Support Files/Pods-SnapchatCloneProject/Pods-SnapchatCloneProject-frameworks.sh\"\n";
			showEnvVarsInLog = 0;
		};
/* End PBXShellScriptBuildPhase section */

/* Begin PBXSourcesBuildPhase section */
		638C800B262EA7E700152020 /* Sources */ = {
			isa = PBXSourcesBuildPhase;
			buildActionMask = 2147483647;
			files = (
				63861400264F535400483B99 /* UserSingleton.swift in Sources */,
				63861406264FACCF00483B99 /* Snap.swift in Sources */,
				638C8041262EC79700152020 /* FeedVC.swift in Sources */,
				638C8017262EA7E700152020 /* ViewController.swift in Sources */,
				638C8013262EA7E700152020 /* AppDelegate.swift in Sources */,
				638C8044262ECC6500152020 /* UploadVC.swift in Sources */,
				638C804C262EDC4500152020 /* SnapVC.swift in Sources */,
				638C8015262EA7E700152020 /* SceneDelegate.swift in Sources */,
				638C8047262ECC8300152020 /* SettingsVC.swift in Sources */,
				63861403264FA4F400483B99 /* FeedCell.swift in Sources */,
			);
			runOnlyForDeploymentPostprocessing = 0;
		};
/* End PBXSourcesBuildPhase section */

/* Begin PBXVariantGroup section */
		638C8018262EA7E700152020 /* Main.storyboard */ = {
			isa = PBXVariantGroup;
			children = (
				638C8019262EA7E700152020 /* Base */,
			);
			name = Main.storyboard;
			sourceTree = "<group>";
		};
		638C801D262EA83C00152020 /* LaunchScreen.storyboard */ = {
			isa = PBXVariantGroup;
			children = (
				638C801E262EA83C00152020 /* Base */,
			);
			name = LaunchScreen.storyboard;
			sourceTree = "<group>";
		};
/* End PBXVariantGroup section */

/* Begin XCBuildConfiguration section */
		638C8021262EA83C00152020 /* Debug */ = {
			isa = XCBuildConfiguration;
			buildSettings = {
				ALWAYS_SEARCH_USER_PATHS = NO;
				CLANG_ANALYZER_NONNULL = YES;
				CLANG_ANALYZER_NUMBER_OBJECT_CONVERSION = YES_AGGRESSIVE;
				CLANG_CXX_LANGUAGE_STANDARD = "gnu++14";
				CLANG_CXX_LIBRARY = "libc++";
				CLANG_ENABLE_MODULES = YES;
				CLANG_ENABLE_OBJC_ARC = YES;
				CLANG_ENABLE_OBJC_WEAK = YES;
				CLANG_WARN_BLOCK_CAPTURE_AUTORELEASING = YES;
				CLANG_WARN_BOOL_CONVERSION = YES;
				CLANG_WARN_COMMA = YES;
				CLANG_WARN_CONSTANT_CONVERSION = YES;
				CLANG_WARN_DEPRECATED_OBJC_IMPLEMENTATIONS = YES;
				CLANG_WARN_DIRECT_OBJC_ISA_USAGE = YES_ERROR;
				CLANG_WARN_DOCUMENTATION_COMMENTS = YES;
				CLANG_WARN_EMPTY_BODY = YES;
				CLANG_WARN_ENUM_CONVERSION = YES;
				CLANG_WARN_INFINITE_RECURSION = YES;
				CLANG_WARN_INT_CONVERSION = YES;
				CLANG_WARN_NON_LITERAL_NULL_CONVERSION = YES;
				CLANG_WARN_OBJC_IMPLICIT_RETAIN_SELF = YES;
				CLANG_WARN_OBJC_LITERAL_CONVERSION = YES;
				CLANG_WARN_OBJC_ROOT_CLASS = YES_ERROR;
				CLANG_WARN_QUOTED_INCLUDE_IN_FRAMEWORK_HEADER = YES;
				CLANG_WARN_RANGE_LOOP_ANALYSIS = YES;
				CLANG_WARN_STRICT_PROTOTYPES = YES;
				CLANG_WARN_SUSPICIOUS_MOVE = YES;
				CLANG_WARN_UNGUARDED_AVAILABILITY = YES_AGGRESSIVE;
				CLANG_WARN_UNREACHABLE_CODE = YES;
				CLANG_WARN__DUPLICATE_METHOD_MATCH = YES;
				COPY_PHASE_STRIP = NO;
				DEBUG_INFORMATION_FORMAT = dwarf;
				ENABLE_STRICT_OBJC_MSGSEND = YES;
				ENABLE_TESTABILITY = YES;
				GCC_C_LANGUAGE_STANDARD = gnu11;
				GCC_DYNAMIC_NO_PIC = NO;
				GCC_NO_COMMON_BLOCKS = YES;
				GCC_OPTIMIZATION_LEVEL = 0;
				GCC_PREPROCESSOR_DEFINITIONS = (
					"DEBUG=1",
					"$(inherited)",
				);
				GCC_WARN_64_TO_32_BIT_CONVERSION = YES;
				GCC_WARN_ABOUT_RETURN_TYPE = YES_ERROR;
				GCC_WARN_UNDECLARED_SELECTOR = YES;
				GCC_WARN_UNINITIALIZED_AUTOS = YES_AGGRESSIVE;
				GCC_WARN_UNUSED_FUNCTION = YES;
				GCC_WARN_UNUSED_VARIABLE = YES;
				IPHONEOS_DEPLOYMENT_TARGET = 14.4;
				MTL_ENABLE_DEBUG_INFO = INCLUDE_SOURCE;
				MTL_FAST_MATH = YES;
				ONLY_ACTIVE_ARCH = YES;
				SDKROOT = iphoneos;
				SWIFT_ACTIVE_COMPILATION_CONDITIONS = DEBUG;
				SWIFT_OPTIMIZATION_LEVEL = "-Onone";
			};
			name = Debug;
		};
		638C8022262EA83C00152020 /* Release */ = {
			isa = XCBuildConfiguration;
			buildSettings = {
				ALWAYS_SEARCH_USER_PATHS = NO;
				CLANG_ANALYZER_NONNULL = YES;
				CLANG_ANALYZER_NUMBER_OBJECT_CONVERSION = YES_AGGRESSIVE;
				CLANG_CXX_LANGUAGE_STANDARD = "gnu++14";
				CLANG_CXX_LIBRARY = "libc++";
				CLANG_ENABLE_MODULES = YES;
				CLANG_ENABLE_OBJC_ARC = YES;
				CLANG_ENABLE_OBJC_WEAK = YES;
				CLANG_WARN_BLOCK_CAPTURE_AUTORELEASING = YES;
				CLANG_WARN_BOOL_CONVERSION = YES;
				CLANG_WARN_COMMA = YES;
				CLANG_WARN_CONSTANT_CONVERSION = YES;
				CLANG_WARN_DEPRECATED_OBJC_IMPLEMENTATIONS = YES;
				CLANG_WARN_DIRECT_OBJC_ISA_USAGE = YES_ERROR;
				CLANG_WARN_DOCUMENTATION_COMMENTS = YES;
				CLANG_WARN_EMPTY_BODY = YES;
				CLANG_WARN_ENUM_CONVERSION = YES;
				CLANG_WARN_INFINITE_RECURSION = YES;
				CLANG_WARN_INT_CONVERSION = YES;
				CLANG_WARN_NON_LITERAL_NULL_CONVERSION = YES;
				CLANG_WARN_OBJC_IMPLICIT_RETAIN_SELF = YES;
				CLANG_WARN_OBJC_LITERAL_CONVERSION = YES;
				CLANG_WARN_OBJC_ROOT_CLASS = YES_ERROR;
				CLANG_WARN_QUOTED_INCLUDE_IN_FRAMEWORK_HEADER = YES;
				CLANG_WARN_RANGE_LOOP_ANALYSIS = YES;
				CLANG_WARN_STRICT_PROTOTYPES = YES;
				CLANG_WARN_SUSPICIOUS_MOVE = YES;
				CLANG_WARN_UNGUARDED_AVAILABILITY = YES_AGGRESSIVE;
				CLANG_WARN_UNREACHABLE_CODE = YES;
				CLANG_WARN__DUPLICATE_METHOD_MATCH = YES;
				COPY_PHASE_STRIP = NO;
				DEBUG_INFORMATION_FORMAT = "dwarf-with-dsym";
				ENABLE_NS_ASSERTIONS = NO;
				ENABLE_STRICT_OBJC_MSGSEND = YES;
				GCC_C_LANGUAGE_STANDARD = gnu11;
				GCC_NO_COMMON_BLOCKS = YES;
				GCC_WARN_64_TO_32_BIT_CONVERSION = YES;
				GCC_WARN_ABOUT_RETURN_TYPE = YES_ERROR;
				GCC_WARN_UNDECLARED_SELECTOR = YES;
				GCC_WARN_UNINITIALIZED_AUTOS = YES_AGGRESSIVE;
				GCC_WARN_UNUSED_FUNCTION = YES;
				GCC_WARN_UNUSED_VARIABLE = YES;
				IPHONEOS_DEPLOYMENT_TARGET = 14.4;
				MTL_ENABLE_DEBUG_INFO = NO;
				MTL_FAST_MATH = YES;
				SDKROOT = iphoneos;
				SWIFT_COMPILATION_MODE = wholemodule;
				SWIFT_OPTIMIZATION_LEVEL = "-O";
				VALIDATE_PRODUCT = YES;
			};
			name = Release;
		};
		638C8024262EA83C00152020 /* Debug */ = {
			isa = XCBuildConfiguration;
			baseConfigurationReference = FB65FF0B498837168DD62390 /* Pods-SnapchatCloneProject.debug.xcconfig */;
			buildSettings = {
				ASSETCATALOG_COMPILER_APPICON_NAME = AppIcon;
				ASSETCATALOG_COMPILER_GLOBAL_ACCENT_COLOR_NAME = AccentColor;
				CODE_SIGN_STYLE = Automatic;
				INFOPLIST_FILE = SnapchatCloneProject/Info.plist;
				LD_RUNPATH_SEARCH_PATHS = (
					"$(inherited)",
					"@executable_path/Frameworks",
				);
				PRODUCT_BUNDLE_IDENTIFIER = "seyma-nur-aksoy.SnapchatCloneProject";
				PRODUCT_NAME = "$(TARGET_NAME)";
				SWIFT_VERSION = 5.0;
				TARGETED_DEVICE_FAMILY = "1,2";
			};
			name = Debug;
		};
		638C8025262EA83C00152020 /* Release */ = {
			isa = XCBuildConfiguration;
			baseConfigurationReference = 94C906A8B1DF0459D785EC7E /* Pods-SnapchatCloneProject.release.xcconfig */;
			buildSettings = {
				ASSETCATALOG_COMPILER_APPICON_NAME = AppIcon;
				ASSETCATALOG_COMPILER_GLOBAL_ACCENT_COLOR_NAME = AccentColor;
				CODE_SIGN_STYLE = Automatic;
				INFOPLIST_FILE = SnapchatCloneProject/Info.plist;
				LD_RUNPATH_SEARCH_PATHS = (
					"$(inherited)",
					"@executable_path/Frameworks",
				);
				PRODUCT_BUNDLE_IDENTIFIER = "seyma-nur-aksoy.SnapchatCloneProject";
				PRODUCT_NAME = "$(TARGET_NAME)";
				SWIFT_VERSION = 5.0;
				TARGETED_DEVICE_FAMILY = "1,2";
			};
			name = Release;
		};
/* End XCBuildConfiguration section */

/* Begin XCConfigurationList section */
		638C800A262EA7E700152020 /* Build configuration list for PBXProject "SnapchatCloneProject" */ = {
			isa = XCConfigurationList;
			buildConfigurations = (
				638C8021262EA83C00152020 /* Debug */,
				638C8022262EA83C00152020 /* Release */,
			);
			defaultConfigurationIsVisible = 0;
			defaultConfigurationName = Release;
		};
		638C8023262EA83C00152020 /* Build configuration list for PBXNativeTarget "SnapchatCloneProject" */ = {
			isa = XCConfigurationList;
			buildConfigurations = (
				638C8024262EA83C00152020 /* Debug */,
				638C8025262EA83C00152020 /* Release */,
			);
			defaultConfigurationIsVisible = 0;
			defaultConfigurationName = Release;
		};
/* End XCConfigurationList section */
	};
	rootObject = 638C8007262EA7E700152020 /* Project object */;
}
